
Microsoft Visual Studio Solution File, Format Version 12.00
# Visual Studio Version 17
VisualStudioVersion = 17.10.35013.160
MinimumVisualStudioVersion = 10.0.40219.1
Project("{FAE04EC0-301F-11D3-BF4B-00C04F79EFBC}") = "ScottKevinsWedding.Server", "ScottKevinsWedding.Server\ScottKevinsWedding.Server.csproj", "{2D2C8911-0F9B-4EFE-80AF-B2283FEF12CA}"
EndProject
Project("{54A90642-561A-4BB1-A94E-469ADEE60C69}") = "scottkevinswedding.client", "scottkevinswedding.client\scottkevinswedding.client.esproj", "{931D2449-A998-4A1D-98FF-6F369CA91AEA}"
EndProject
Global
	GlobalSection(SolutionConfigurationPlatforms) = preSolution
		Debug|Any CPU = Debug|Any CPU
		Release|Any CPU = Release|Any CPU
	EndGlobalSection
	GlobalSection(ProjectConfigurationPlatforms) = postSolution
		{2D2C8911-0F9B-4EFE-80AF-B2283FEF12CA}.Debug|Any CPU.ActiveCfg = Debug|Any CPU
		{2D2C8911-0F9B-4EFE-80AF-B2283FEF12CA}.Debug|Any CPU.Build.0 = Debug|Any CPU
		{2D2C8911-0F9B-4EFE-80AF-B2283FEF12CA}.Release|Any CPU.ActiveCfg = Release|Any CPU
		{2D2C8911-0F9B-4EFE-80AF-B2283FEF12CA}.Release|Any CPU.Build.0 = Release|Any CPU
		{931D2449-A998-4A1D-98FF-6F369CA91AEA}.Debug|Any CPU.ActiveCfg = Debug|Any CPU
		{931D2449-A998-4A1D-98FF-6F369CA91AEA}.Debug|Any CPU.Build.0 = Debug|Any CPU
		{931D2449-A998-4A1D-98FF-6F369CA91AEA}.Debug|Any CPU.Deploy.0 = Debug|Any CPU
		{931D2449-A998-4A1D-98FF-6F369CA91AEA}.Release|Any CPU.ActiveCfg = Release|Any CPU
		{931D2449-A998-4A1D-98FF-6F369CA91AEA}.Release|Any CPU.Build.0 = Release|Any CPU
		{931D2449-A998-4A1D-98FF-6F369CA91AEA}.Release|Any CPU.Deploy.0 = Release|Any CPU
	EndGlobalSection
	GlobalSection(SolutionProperties) = preSolution
		HideSolutionNode = FALSE
	EndGlobalSection
	GlobalSection(ExtensibilityGlobals) = postSolution
		SolutionGuid = {60B5F045-6054-4FF0-B19C-08EE4427CE00}
	EndGlobalSection
EndGlobal
